
Microsoft Visual Studio Solution File, Format Version 12.00
# Visual Studio Version 17
VisualStudioVersion = 17.11.35327.3
MinimumVisualStudioVersion = 10.0.40219.1
Project("{9A19103F-16F7-4668-BE54-9A1E7A4F7556}") = "Task2", "Task2\Task2.csproj", "{B8C31109-E0B4-465B-9A85-2757A3D6C30C}"
EndProject
Project("{FAE04EC0-301F-11D3-BF4B-00C04F79EFBC}") = "Task3", "Task3\Task3.csproj", "{0025B66F-C460-4218-89DC-089A65629EF3}"
EndProject
Project("{FAE04EC0-301F-11D3-BF4B-00C04F79EFBC}") = "Task4", "ConsoleApp1\Task4.csproj", "{C3736922-E6CF-498D-B0A2-85F03E28FCD2}"
EndProject
Project("{FAE04EC0-301F-11D3-BF4B-00C04F79EFBC}") = "Test5", "Test5\Test5.csproj", "{7D636EFC-1B6E-44E5-A8EF-AD6F726537C6}"
EndProject
Global
	GlobalSection(SolutionConfigurationPlatforms) = preSolution
		Debug|Any CPU = Debug|Any CPU
		Release|Any CPU = Release|Any CPU
	EndGlobalSection
	GlobalSection(ProjectConfigurationPlatforms) = postSolution
		{B8C31109-E0B4-465B-9A85-2757A3D6C30C}.Debug|Any CPU.ActiveCfg = Debug|Any CPU
		{B8C31109-E0B4-465B-9A85-2757A3D6C30C}.Debug|Any CPU.Build.0 = Debug|Any CPU
		{B8C31109-E0B4-465B-9A85-2757A3D6C30C}.Release|Any CPU.ActiveCfg = Release|Any CPU
		{B8C31109-E0B4-465B-9A85-2757A3D6C30C}.Release|Any CPU.Build.0 = Release|Any CPU
		{0025B66F-C460-4218-89DC-089A65629EF3}.Debug|Any CPU.ActiveCfg = Debug|Any CPU
		{0025B66F-C460-4218-89DC-089A65629EF3}.Debug|Any CPU.Build.0 = Debug|Any CPU
		{0025B66F-C460-4218-89DC-089A65629EF3}.Release|Any CPU.ActiveCfg = Release|Any CPU
		{0025B66F-C460-4218-89DC-089A65629EF3}.Release|Any CPU.Build.0 = Release|Any CPU
		{C3736922-E6CF-498D-B0A2-85F03E28FCD2}.Debug|Any CPU.ActiveCfg = Debug|Any CPU
		{C3736922-E6CF-498D-B0A2-85F03E28FCD2}.Debug|Any CPU.Build.0 = Debug|Any CPU
		{C3736922-E6CF-498D-B0A2-85F03E28FCD2}.Release|Any CPU.ActiveCfg = Release|Any CPU
		{C3736922-E6CF-498D-B0A2-85F03E28FCD2}.Release|Any CPU.Build.0 = Release|Any CPU
		{7D636EFC-1B6E-44E5-A8EF-AD6F726537C6}.Debug|Any CPU.ActiveCfg = Debug|Any CPU
		{7D636EFC-1B6E-44E5-A8EF-AD6F726537C6}.Debug|Any CPU.Build.0 = Debug|Any CPU
		{7D636EFC-1B6E-44E5-A8EF-AD6F726537C6}.Release|Any CPU.ActiveCfg = Release|Any CPU
		{7D636EFC-1B6E-44E5-A8EF-AD6F726537C6}.Release|Any CPU.Build.0 = Release|Any CPU
	EndGlobalSection
	GlobalSection(SolutionProperties) = preSolution
		HideSolutionNode = FALSE
	EndGlobalSection
	GlobalSection(ExtensibilityGlobals) = postSolution
		SolutionGuid = {6F50FC04-42BE-4832-A2AC-10363F6852D4}
	EndGlobalSection
EndGlobal
